
Microsoft Visual Studio Solution File, Format Version 12.00
# Visual Studio Version 16
VisualStudioVersion = 16.0.30717.126
MinimumVisualStudioVersion = 10.0.40219.1
Project("{FAE04EC0-301F-11D3-BF4B-00C04F79EFBC}") = "Oprijlaan", "Oprijlaan\Oprijlaan.csproj", "{B4F12825-28CA-4D30-938B-376B32DDD339}"
EndProject
Project("{FAE04EC0-301F-11D3-BF4B-00C04F79EFBC}") = "Heras", "Heras\Heras.csproj", "{AE2909F8-0503-4CA0-847C-0A90F2CA4AFB}"
EndProject
Project("{FAE04EC0-301F-11D3-BF4B-00C04F79EFBC}") = "Philips", "Philips\Philips.csproj", "{2BC6BBE5-34A3-4FF9-AA62-CB9CF2BCDAE1}"
EndProject
Project("{FAE04EC0-301F-11D3-BF4B-00C04F79EFBC}") = "DoomsdayPreppers", "DoomsdayPreppers\DoomsdayPreppers.csproj", "{C3DBE618-78A0-447D-ABCD-6E421AA2F5DA}"
EndProject
Project("{FAE04EC0-301F-11D3-BF4B-00C04F79EFBC}") = "Infrac", "Infrac\Infrac.csproj", "{CCA2D8A6-6FC5-454F-8525-F217704099E2}"
EndProject
Project("{FAE04EC0-301F-11D3-BF4B-00C04F79EFBC}") = "IEEE", "IEEE\IEEE.csproj", "{807E3A4C-9F12-4BE3-AEBA-B2F979CFA7C9}"
EndProject
Global
	GlobalSection(SolutionConfigurationPlatforms) = preSolution
		Debug|Any CPU = Debug|Any CPU
		Release|Any CPU = Release|Any CPU
	EndGlobalSection
	GlobalSection(ProjectConfigurationPlatforms) = postSolution
		{B4F12825-28CA-4D30-938B-376B32DDD339}.Debug|Any CPU.ActiveCfg = Debug|Any CPU
		{B4F12825-28CA-4D30-938B-376B32DDD339}.Debug|Any CPU.Build.0 = Debug|Any CPU
		{B4F12825-28CA-4D30-938B-376B32DDD339}.Release|Any CPU.ActiveCfg = Release|Any CPU
		{B4F12825-28CA-4D30-938B-376B32DDD339}.Release|Any CPU.Build.0 = Release|Any CPU
		{AE2909F8-0503-4CA0-847C-0A90F2CA4AFB}.Debug|Any CPU.ActiveCfg = Debug|Any CPU
		{AE2909F8-0503-4CA0-847C-0A90F2CA4AFB}.Debug|Any CPU.Build.0 = Debug|Any CPU
		{AE2909F8-0503-4CA0-847C-0A90F2CA4AFB}.Release|Any CPU.ActiveCfg = Release|Any CPU
		{AE2909F8-0503-4CA0-847C-0A90F2CA4AFB}.Release|Any CPU.Build.0 = Release|Any CPU
		{2BC6BBE5-34A3-4FF9-AA62-CB9CF2BCDAE1}.Debug|Any CPU.ActiveCfg = Debug|Any CPU
		{2BC6BBE5-34A3-4FF9-AA62-CB9CF2BCDAE1}.Debug|Any CPU.Build.0 = Debug|Any CPU
		{2BC6BBE5-34A3-4FF9-AA62-CB9CF2BCDAE1}.Release|Any CPU.ActiveCfg = Release|Any CPU
		{2BC6BBE5-34A3-4FF9-AA62-CB9CF2BCDAE1}.Release|Any CPU.Build.0 = Release|Any CPU
		{C3DBE618-78A0-447D-ABCD-6E421AA2F5DA}.Debug|Any CPU.ActiveCfg = Debug|Any CPU
		{C3DBE618-78A0-447D-ABCD-6E421AA2F5DA}.Debug|Any CPU.Build.0 = Debug|Any CPU
		{C3DBE618-78A0-447D-ABCD-6E421AA2F5DA}.Release|Any CPU.ActiveCfg = Release|Any CPU
		{C3DBE618-78A0-447D-ABCD-6E421AA2F5DA}.Release|Any CPU.Build.0 = Release|Any CPU
		{CCA2D8A6-6FC5-454F-8525-F217704099E2}.Debug|Any CPU.ActiveCfg = Debug|Any CPU
		{CCA2D8A6-6FC5-454F-8525-F217704099E2}.Debug|Any CPU.Build.0 = Debug|Any CPU
		{CCA2D8A6-6FC5-454F-8525-F217704099E2}.Release|Any CPU.ActiveCfg = Release|Any CPU
		{CCA2D8A6-6FC5-454F-8525-F217704099E2}.Release|Any CPU.Build.0 = Release|Any CPU
		{807E3A4C-9F12-4BE3-AEBA-B2F979CFA7C9}.Debug|Any CPU.ActiveCfg = Debug|Any CPU
		{807E3A4C-9F12-4BE3-AEBA-B2F979CFA7C9}.Debug|Any CPU.Build.0 = Debug|Any CPU
		{807E3A4C-9F12-4BE3-AEBA-B2F979CFA7C9}.Release|Any CPU.ActiveCfg = Release|Any CPU
		{807E3A4C-9F12-4BE3-AEBA-B2F979CFA7C9}.Release|Any CPU.Build.0 = Release|Any CPU
	EndGlobalSection
	GlobalSection(SolutionProperties) = preSolution
		HideSolutionNode = FALSE
	EndGlobalSection
	GlobalSection(ExtensibilityGlobals) = postSolution
		SolutionGuid = {CE30E2B5-DCB0-4B02-9986-665BC65B6904}
	EndGlobalSection
EndGlobal
