
Microsoft Visual Studio Solution File, Format Version 12.00
# Visual Studio Version 16
VisualStudioVersion = 16.0.30717.126
MinimumVisualStudioVersion = 10.0.40219.1
Project("{FAE04EC0-301F-11D3-BF4B-00C04F79EFBC}") = "Calculator", "Calculator\Calculator.csproj", "{629F6B39-8269-4378-8155-AA729060341E}"
EndProject
Project("{FAE04EC0-301F-11D3-BF4B-00C04F79EFBC}") = "ConsoleCalc", "ConsoleCalc\ConsoleCalc.csproj", "{7C330E24-3C59-4B75-86DF-4B5FA71B05F0}"
EndProject
Global
	GlobalSection(SolutionConfigurationPlatforms) = preSolution
		Debug|Any CPU = Debug|Any CPU
		Release|Any CPU = Release|Any CPU
	EndGlobalSection
	GlobalSection(ProjectConfigurationPlatforms) = postSolution
		{629F6B39-8269-4378-8155-AA729060341E}.Debug|Any CPU.ActiveCfg = Debug|Any CPU
		{629F6B39-8269-4378-8155-AA729060341E}.Debug|Any CPU.Build.0 = Debug|Any CPU
		{629F6B39-8269-4378-8155-AA729060341E}.Release|Any CPU.ActiveCfg = Release|Any CPU
		{629F6B39-8269-4378-8155-AA729060341E}.Release|Any CPU.Build.0 = Release|Any CPU
		{7C330E24-3C59-4B75-86DF-4B5FA71B05F0}.Debug|Any CPU.ActiveCfg = Debug|Any CPU
		{7C330E24-3C59-4B75-86DF-4B5FA71B05F0}.Debug|Any CPU.Build.0 = Debug|Any CPU
		{7C330E24-3C59-4B75-86DF-4B5FA71B05F0}.Release|Any CPU.ActiveCfg = Release|Any CPU
		{7C330E24-3C59-4B75-86DF-4B5FA71B05F0}.Release|Any CPU.Build.0 = Release|Any CPU
	EndGlobalSection
	GlobalSection(SolutionProperties) = preSolution
		HideSolutionNode = FALSE
	EndGlobalSection
	GlobalSection(ExtensibilityGlobals) = postSolution
		SolutionGuid = {3B750D03-182C-4D38-97FE-817AAFBE1E84}
	EndGlobalSection
EndGlobal
