
Microsoft Visual Studio Solution File, Format Version 12.00
# Visual Studio Version 16
VisualStudioVersion = 16.0.30717.126
MinimumVisualStudioVersion = 10.0.40219.1
Project("{9A19103F-16F7-4668-BE54-9A1E7A4F7556}") = "Basic", "Basic\Basic.csproj", "{31BECB7D-897E-46A9-9A95-FD58642E5AFF}"
EndProject
Project("{9A19103F-16F7-4668-BE54-9A1E7A4F7556}") = "Flows", "Flows\Flows.csproj", "{DC59EC1E-4FFF-4EB0-9F92-463C6D3F1A5E}"
EndProject
Project("{FAE04EC0-301F-11D3-BF4B-00C04F79EFBC}") = "Tafels", "Tafels\Tafels.csproj", "{2615B823-7428-44CF-B8B9-392797742A03}"
EndProject
Project("{FAE04EC0-301F-11D3-BF4B-00C04F79EFBC}") = "Collections", "Collections\Collections.csproj", "{FD1FBFAB-B1DA-4EBF-BD61-138B2BFC11AB}"
EndProject
Global
	GlobalSection(SolutionConfigurationPlatforms) = preSolution
		Debug|Any CPU = Debug|Any CPU
		Release|Any CPU = Release|Any CPU
	EndGlobalSection
	GlobalSection(ProjectConfigurationPlatforms) = postSolution
		{31BECB7D-897E-46A9-9A95-FD58642E5AFF}.Debug|Any CPU.ActiveCfg = Debug|Any CPU
		{31BECB7D-897E-46A9-9A95-FD58642E5AFF}.Debug|Any CPU.Build.0 = Debug|Any CPU
		{31BECB7D-897E-46A9-9A95-FD58642E5AFF}.Release|Any CPU.ActiveCfg = Release|Any CPU
		{31BECB7D-897E-46A9-9A95-FD58642E5AFF}.Release|Any CPU.Build.0 = Release|Any CPU
		{DC59EC1E-4FFF-4EB0-9F92-463C6D3F1A5E}.Debug|Any CPU.ActiveCfg = Debug|Any CPU
		{DC59EC1E-4FFF-4EB0-9F92-463C6D3F1A5E}.Debug|Any CPU.Build.0 = Debug|Any CPU
		{DC59EC1E-4FFF-4EB0-9F92-463C6D3F1A5E}.Release|Any CPU.ActiveCfg = Release|Any CPU
		{DC59EC1E-4FFF-4EB0-9F92-463C6D3F1A5E}.Release|Any CPU.Build.0 = Release|Any CPU
		{2615B823-7428-44CF-B8B9-392797742A03}.Debug|Any CPU.ActiveCfg = Debug|Any CPU
		{2615B823-7428-44CF-B8B9-392797742A03}.Debug|Any CPU.Build.0 = Debug|Any CPU
		{2615B823-7428-44CF-B8B9-392797742A03}.Release|Any CPU.ActiveCfg = Release|Any CPU
		{2615B823-7428-44CF-B8B9-392797742A03}.Release|Any CPU.Build.0 = Release|Any CPU
		{FD1FBFAB-B1DA-4EBF-BD61-138B2BFC11AB}.Debug|Any CPU.ActiveCfg = Debug|Any CPU
		{FD1FBFAB-B1DA-4EBF-BD61-138B2BFC11AB}.Debug|Any CPU.Build.0 = Debug|Any CPU
		{FD1FBFAB-B1DA-4EBF-BD61-138B2BFC11AB}.Release|Any CPU.ActiveCfg = Release|Any CPU
		{FD1FBFAB-B1DA-4EBF-BD61-138B2BFC11AB}.Release|Any CPU.Build.0 = Release|Any CPU
	EndGlobalSection
	GlobalSection(SolutionProperties) = preSolution
		HideSolutionNode = FALSE
	EndGlobalSection
	GlobalSection(ExtensibilityGlobals) = postSolution
		SolutionGuid = {7C9E6639-B401-4998-8242-9F6F26112F45}
	EndGlobalSection
EndGlobal
