
Microsoft Visual Studio Solution File, Format Version 12.00
# Visual Studio Version 16
VisualStudioVersion = 16.0.30717.126
MinimumVisualStudioVersion = 10.0.40219.1
Project("{FAE04EC0-301F-11D3-BF4B-00C04F79EFBC}") = "FuncMeths", "FuncMeths\FuncMeths.csproj", "{FFBCE26C-00BF-4AB8-9942-AAC54E94A8CC}"
EndProject
Project("{FAE04EC0-301F-11D3-BF4B-00C04F79EFBC}") = "Exceptions", "Exceptions\Exceptions.csproj", "{5F93DD68-2D21-4748-9293-EACBD049A9FD}"
EndProject
Global
	GlobalSection(SolutionConfigurationPlatforms) = preSolution
		Debug|Any CPU = Debug|Any CPU
		Release|Any CPU = Release|Any CPU
	EndGlobalSection
	GlobalSection(ProjectConfigurationPlatforms) = postSolution
		{FFBCE26C-00BF-4AB8-9942-AAC54E94A8CC}.Debug|Any CPU.ActiveCfg = Debug|Any CPU
		{FFBCE26C-00BF-4AB8-9942-AAC54E94A8CC}.Debug|Any CPU.Build.0 = Debug|Any CPU
		{FFBCE26C-00BF-4AB8-9942-AAC54E94A8CC}.Release|Any CPU.ActiveCfg = Release|Any CPU
		{FFBCE26C-00BF-4AB8-9942-AAC54E94A8CC}.Release|Any CPU.Build.0 = Release|Any CPU
		{5F93DD68-2D21-4748-9293-EACBD049A9FD}.Debug|Any CPU.ActiveCfg = Debug|Any CPU
		{5F93DD68-2D21-4748-9293-EACBD049A9FD}.Debug|Any CPU.Build.0 = Debug|Any CPU
		{5F93DD68-2D21-4748-9293-EACBD049A9FD}.Release|Any CPU.ActiveCfg = Release|Any CPU
		{5F93DD68-2D21-4748-9293-EACBD049A9FD}.Release|Any CPU.Build.0 = Release|Any CPU
	EndGlobalSection
	GlobalSection(SolutionProperties) = preSolution
		HideSolutionNode = FALSE
	EndGlobalSection
	GlobalSection(ExtensibilityGlobals) = postSolution
		SolutionGuid = {A8EC2E6B-7E8D-4E38-BA03-2541087A36B1}
	EndGlobalSection
EndGlobal
